
Microsoft Visual Studio Solution File, Format Version 12.00
# Visual Studio Version 16
VisualStudioVersion = 16.0.30114.105
MinimumVisualStudioVersion = 10.0.40219.1
Project("{FAE04EC0-301F-11D3-BF4B-00C04F79EFBC}") = "GateServer", "GateServer\GateServer.csproj", "{406C5374-7F49-47C5-96DF-4A7A3B146222}"
EndProject
Project("{FAE04EC0-301F-11D3-BF4B-00C04F79EFBC}") = "CardServer", "CardServer\CardServer.csproj", "{55A2F960-AD3C-44AE-9AF1-9DFE07903C22}"
EndProject
Project("{FAE04EC0-301F-11D3-BF4B-00C04F79EFBC}") = "IGrains", "IGrains\IGrains.csproj", "{9B34B912-A102-4B92-97ED-FD0301CAA872}"
EndProject
Project("{FAE04EC0-301F-11D3-BF4B-00C04F79EFBC}") = "Grains", "Grains\Grains.csproj", "{B40237D1-E998-458A-8B8B-D71CAA28847E}"
EndProject
Project("{FAE04EC0-301F-11D3-BF4B-00C04F79EFBC}") = "Protocol", "Protocol\Protocol.csproj", "{EEA1A980-ACA0-49F8-8175-15B0995A41EE}"
EndProject
Global
	GlobalSection(SolutionConfigurationPlatforms) = preSolution
		Debug|Any CPU = Debug|Any CPU
		Debug|x64 = Debug|x64
		Debug|x86 = Debug|x86
		Release|Any CPU = Release|Any CPU
		Release|x64 = Release|x64
		Release|x86 = Release|x86
	EndGlobalSection
	GlobalSection(SolutionProperties) = preSolution
		HideSolutionNode = FALSE
	EndGlobalSection
	GlobalSection(ProjectConfigurationPlatforms) = postSolution
		{406C5374-7F49-47C5-96DF-4A7A3B146222}.Debug|Any CPU.ActiveCfg = Debug|Any CPU
		{406C5374-7F49-47C5-96DF-4A7A3B146222}.Debug|Any CPU.Build.0 = Debug|Any CPU
		{406C5374-7F49-47C5-96DF-4A7A3B146222}.Debug|x64.ActiveCfg = Debug|Any CPU
		{406C5374-7F49-47C5-96DF-4A7A3B146222}.Debug|x64.Build.0 = Debug|Any CPU
		{406C5374-7F49-47C5-96DF-4A7A3B146222}.Debug|x86.ActiveCfg = Debug|Any CPU
		{406C5374-7F49-47C5-96DF-4A7A3B146222}.Debug|x86.Build.0 = Debug|Any CPU
		{406C5374-7F49-47C5-96DF-4A7A3B146222}.Release|Any CPU.ActiveCfg = Release|Any CPU
		{406C5374-7F49-47C5-96DF-4A7A3B146222}.Release|Any CPU.Build.0 = Release|Any CPU
		{406C5374-7F49-47C5-96DF-4A7A3B146222}.Release|x64.ActiveCfg = Release|Any CPU
		{406C5374-7F49-47C5-96DF-4A7A3B146222}.Release|x64.Build.0 = Release|Any CPU
		{406C5374-7F49-47C5-96DF-4A7A3B146222}.Release|x86.ActiveCfg = Release|Any CPU
		{406C5374-7F49-47C5-96DF-4A7A3B146222}.Release|x86.Build.0 = Release|Any CPU
		{55A2F960-AD3C-44AE-9AF1-9DFE07903C22}.Debug|Any CPU.ActiveCfg = Debug|Any CPU
		{55A2F960-AD3C-44AE-9AF1-9DFE07903C22}.Debug|Any CPU.Build.0 = Debug|Any CPU
		{55A2F960-AD3C-44AE-9AF1-9DFE07903C22}.Debug|x64.ActiveCfg = Debug|Any CPU
		{55A2F960-AD3C-44AE-9AF1-9DFE07903C22}.Debug|x64.Build.0 = Debug|Any CPU
		{55A2F960-AD3C-44AE-9AF1-9DFE07903C22}.Debug|x86.ActiveCfg = Debug|Any CPU
		{55A2F960-AD3C-44AE-9AF1-9DFE07903C22}.Debug|x86.Build.0 = Debug|Any CPU
		{55A2F960-AD3C-44AE-9AF1-9DFE07903C22}.Release|Any CPU.ActiveCfg = Release|Any CPU
		{55A2F960-AD3C-44AE-9AF1-9DFE07903C22}.Release|Any CPU.Build.0 = Release|Any CPU
		{55A2F960-AD3C-44AE-9AF1-9DFE07903C22}.Release|x64.ActiveCfg = Release|Any CPU
		{55A2F960-AD3C-44AE-9AF1-9DFE07903C22}.Release|x64.Build.0 = Release|Any CPU
		{55A2F960-AD3C-44AE-9AF1-9DFE07903C22}.Release|x86.ActiveCfg = Release|Any CPU
		{55A2F960-AD3C-44AE-9AF1-9DFE07903C22}.Release|x86.Build.0 = Release|Any CPU
		{9B34B912-A102-4B92-97ED-FD0301CAA872}.Debug|Any CPU.ActiveCfg = Debug|Any CPU
		{9B34B912-A102-4B92-97ED-FD0301CAA872}.Debug|Any CPU.Build.0 = Debug|Any CPU
		{9B34B912-A102-4B92-97ED-FD0301CAA872}.Debug|x64.ActiveCfg = Debug|Any CPU
		{9B34B912-A102-4B92-97ED-FD0301CAA872}.Debug|x64.Build.0 = Debug|Any CPU
		{9B34B912-A102-4B92-97ED-FD0301CAA872}.Debug|x86.ActiveCfg = Debug|Any CPU
		{9B34B912-A102-4B92-97ED-FD0301CAA872}.Debug|x86.Build.0 = Debug|Any CPU
		{9B34B912-A102-4B92-97ED-FD0301CAA872}.Release|Any CPU.ActiveCfg = Release|Any CPU
		{9B34B912-A102-4B92-97ED-FD0301CAA872}.Release|Any CPU.Build.0 = Release|Any CPU
		{9B34B912-A102-4B92-97ED-FD0301CAA872}.Release|x64.ActiveCfg = Release|Any CPU
		{9B34B912-A102-4B92-97ED-FD0301CAA872}.Release|x64.Build.0 = Release|Any CPU
		{9B34B912-A102-4B92-97ED-FD0301CAA872}.Release|x86.ActiveCfg = Release|Any CPU
		{9B34B912-A102-4B92-97ED-FD0301CAA872}.Release|x86.Build.0 = Release|Any CPU
		{B40237D1-E998-458A-8B8B-D71CAA28847E}.Debug|Any CPU.ActiveCfg = Debug|Any CPU
		{B40237D1-E998-458A-8B8B-D71CAA28847E}.Debug|Any CPU.Build.0 = Debug|Any CPU
		{B40237D1-E998-458A-8B8B-D71CAA28847E}.Debug|x64.ActiveCfg = Debug|Any CPU
		{B40237D1-E998-458A-8B8B-D71CAA28847E}.Debug|x64.Build.0 = Debug|Any CPU
		{B40237D1-E998-458A-8B8B-D71CAA28847E}.Debug|x86.ActiveCfg = Debug|Any CPU
		{B40237D1-E998-458A-8B8B-D71CAA28847E}.Debug|x86.Build.0 = Debug|Any CPU
		{B40237D1-E998-458A-8B8B-D71CAA28847E}.Release|Any CPU.ActiveCfg = Release|Any CPU
		{B40237D1-E998-458A-8B8B-D71CAA28847E}.Release|Any CPU.Build.0 = Release|Any CPU
		{B40237D1-E998-458A-8B8B-D71CAA28847E}.Release|x64.ActiveCfg = Release|Any CPU
		{B40237D1-E998-458A-8B8B-D71CAA28847E}.Release|x64.Build.0 = Release|Any CPU
		{B40237D1-E998-458A-8B8B-D71CAA28847E}.Release|x86.ActiveCfg = Release|Any CPU
		{B40237D1-E998-458A-8B8B-D71CAA28847E}.Release|x86.Build.0 = Release|Any CPU
		{EEA1A980-ACA0-49F8-8175-15B0995A41EE}.Debug|Any CPU.ActiveCfg = Debug|Any CPU
		{EEA1A980-ACA0-49F8-8175-15B0995A41EE}.Debug|Any CPU.Build.0 = Debug|Any CPU
		{EEA1A980-ACA0-49F8-8175-15B0995A41EE}.Debug|x64.ActiveCfg = Debug|Any CPU
		{EEA1A980-ACA0-49F8-8175-15B0995A41EE}.Debug|x64.Build.0 = Debug|Any CPU
		{EEA1A980-ACA0-49F8-8175-15B0995A41EE}.Debug|x86.ActiveCfg = Debug|Any CPU
		{EEA1A980-ACA0-49F8-8175-15B0995A41EE}.Debug|x86.Build.0 = Debug|Any CPU
		{EEA1A980-ACA0-49F8-8175-15B0995A41EE}.Release|Any CPU.ActiveCfg = Release|Any CPU
		{EEA1A980-ACA0-49F8-8175-15B0995A41EE}.Release|Any CPU.Build.0 = Release|Any CPU
		{EEA1A980-ACA0-49F8-8175-15B0995A41EE}.Release|x64.ActiveCfg = Release|Any CPU
		{EEA1A980-ACA0-49F8-8175-15B0995A41EE}.Release|x64.Build.0 = Release|Any CPU
		{EEA1A980-ACA0-49F8-8175-15B0995A41EE}.Release|x86.ActiveCfg = Release|Any CPU
		{EEA1A980-ACA0-49F8-8175-15B0995A41EE}.Release|x86.Build.0 = Release|Any CPU
	EndGlobalSection
EndGlobal
