
Microsoft Visual Studio Solution File, Format Version 11.00
# Visual Studio 2010
Project("{FAE04EC0-301F-11D3-BF4B-00C04F79EFBC}") = "Assembly-CSharp", "Assembly-CSharp.csproj", "{80a33612-d2e5-e30a-a848-1bc41908c41d}"
EndProject
Project("{FAE04EC0-301F-11D3-BF4B-00C04F79EFBC}") = "UniRx", "UniRx.csproj", "{4836b213-d39e-db6a-3a83-08f2ce935b52}"
EndProject
Project("{FAE04EC0-301F-11D3-BF4B-00C04F79EFBC}") = "UniRx.Examples", "UniRx.Examples.csproj", "{5d352eab-0c71-8e08-92b3-2e375c9aeeba}"
EndProject
Project("{FAE04EC0-301F-11D3-BF4B-00C04F79EFBC}") = "Assembly-CSharp-Editor", "Assembly-CSharp-Editor.csproj", "{2c45bcba-9aeb-d300-8f16-453d043ce592}"
EndProject
Global
	GlobalSection(SolutionConfigurationPlatforms) = preSolution
		Debug|Any CPU = Debug|Any CPU
	EndGlobalSection
	GlobalSection(ProjectConfigurationPlatforms) = postSolution
		{80a33612-d2e5-e30a-a848-1bc41908c41d}.Debug|Any CPU.ActiveCfg = Debug|Any CPU
		{80a33612-d2e5-e30a-a848-1bc41908c41d}.Debug|Any CPU.Build.0 = Debug|Any CPU
		{4836b213-d39e-db6a-3a83-08f2ce935b52}.Debug|Any CPU.ActiveCfg = Debug|Any CPU
		{4836b213-d39e-db6a-3a83-08f2ce935b52}.Debug|Any CPU.Build.0 = Debug|Any CPU
		{5d352eab-0c71-8e08-92b3-2e375c9aeeba}.Debug|Any CPU.ActiveCfg = Debug|Any CPU
		{5d352eab-0c71-8e08-92b3-2e375c9aeeba}.Debug|Any CPU.Build.0 = Debug|Any CPU
		{2c45bcba-9aeb-d300-8f16-453d043ce592}.Debug|Any CPU.ActiveCfg = Debug|Any CPU
		{2c45bcba-9aeb-d300-8f16-453d043ce592}.Debug|Any CPU.Build.0 = Debug|Any CPU
	EndGlobalSection
	GlobalSection(SolutionProperties) = preSolution
		HideSolutionNode = FALSE
	EndGlobalSection
EndGlobal
